
Microsoft Visual Studio Solution File, Format Version 12.00
# Visual Studio Version 17
VisualStudioVersion = 17.0.31912.275
MinimumVisualStudioVersion = 10.0.40219.1
Project("{FAE04EC0-301F-11D3-BF4B-00C04F79EFBC}") = "LeetcodeSolversCSharp", "LeetcodeSolversCSharp\LeetcodeSolversCSharp.csproj", "{E40F2CAC-C45D-4F29-AC2D-64660FBE2C03}"
EndProject
Project("{FAE04EC0-301F-11D3-BF4B-00C04F79EFBC}") = "LeetcodeSolversCSharpTests", "LeetcodeSolversCSharpTests\LeetcodeSolversCSharpTests.csproj", "{5BF3E3BC-DF9B-4204-B4CD-42F292F488B5}"
EndProject
Project("{FAE04EC0-301F-11D3-BF4B-00C04F79EFBC}") = "AdventOfCode", "AdventOfCode\AdventOfCode.csproj", "{5C6CADC5-0A55-4C48-A530-DCFDD06BA364}"
EndProject
Project("{FAE04EC0-301F-11D3-BF4B-00C04F79EFBC}") = "AdventOfCodeTests", "AdventOfCodeTests\AdventOfCodeTests.csproj", "{5B4948B3-8EE3-4991-B8A0-15B5C676364E}"
EndProject
Global
	GlobalSection(SolutionConfigurationPlatforms) = preSolution
		Debug|Any CPU = Debug|Any CPU
		Release|Any CPU = Release|Any CPU
	EndGlobalSection
	GlobalSection(ProjectConfigurationPlatforms) = postSolution
		{E40F2CAC-C45D-4F29-AC2D-64660FBE2C03}.Debug|Any CPU.ActiveCfg = Debug|Any CPU
		{E40F2CAC-C45D-4F29-AC2D-64660FBE2C03}.Debug|Any CPU.Build.0 = Debug|Any CPU
		{E40F2CAC-C45D-4F29-AC2D-64660FBE2C03}.Release|Any CPU.ActiveCfg = Release|Any CPU
		{E40F2CAC-C45D-4F29-AC2D-64660FBE2C03}.Release|Any CPU.Build.0 = Release|Any CPU
		{5BF3E3BC-DF9B-4204-B4CD-42F292F488B5}.Debug|Any CPU.ActiveCfg = Debug|Any CPU
		{5BF3E3BC-DF9B-4204-B4CD-42F292F488B5}.Debug|Any CPU.Build.0 = Debug|Any CPU
		{5BF3E3BC-DF9B-4204-B4CD-42F292F488B5}.Release|Any CPU.ActiveCfg = Release|Any CPU
		{5BF3E3BC-DF9B-4204-B4CD-42F292F488B5}.Release|Any CPU.Build.0 = Release|Any CPU
		{5C6CADC5-0A55-4C48-A530-DCFDD06BA364}.Debug|Any CPU.ActiveCfg = Debug|Any CPU
		{5C6CADC5-0A55-4C48-A530-DCFDD06BA364}.Debug|Any CPU.Build.0 = Debug|Any CPU
		{5C6CADC5-0A55-4C48-A530-DCFDD06BA364}.Release|Any CPU.ActiveCfg = Release|Any CPU
		{5C6CADC5-0A55-4C48-A530-DCFDD06BA364}.Release|Any CPU.Build.0 = Release|Any CPU
		{5B4948B3-8EE3-4991-B8A0-15B5C676364E}.Debug|Any CPU.ActiveCfg = Debug|Any CPU
		{5B4948B3-8EE3-4991-B8A0-15B5C676364E}.Debug|Any CPU.Build.0 = Debug|Any CPU
		{5B4948B3-8EE3-4991-B8A0-15B5C676364E}.Release|Any CPU.ActiveCfg = Release|Any CPU
		{5B4948B3-8EE3-4991-B8A0-15B5C676364E}.Release|Any CPU.Build.0 = Release|Any CPU
	EndGlobalSection
	GlobalSection(SolutionProperties) = preSolution
		HideSolutionNode = FALSE
	EndGlobalSection
	GlobalSection(ExtensibilityGlobals) = postSolution
		SolutionGuid = {CFD4FDEB-1839-4388-BAC3-643B9E9B8676}
	EndGlobalSection
EndGlobal
